
Microsoft Visual Studio Solution File, Format Version 12.00
# Visual Studio 14
VisualStudioVersion = 14.0.23107.0
MinimumVisualStudioVersion = 10.0.40219.1
Project("{FAE04EC0-301F-11D3-BF4B-00C04F79EFBC}") = "company", "company\company.csproj", "{78216E44-2F66-4A3F-B506-920584209FCF}"
EndProject
Project("{FAE04EC0-301F-11D3-BF4B-00C04F79EFBC}") = "MyCompany.AdminSite", "MyCompany.AdminSite\MyCompany.AdminSite.csproj", "{3F4BFB79-CF99-4E8C-84A1-3AA6B8A1A892}"
EndProject
Project("{FAE04EC0-301F-11D3-BF4B-00C04F79EFBC}") = "MyCompany.AdminSite.UnitTest", "MyCompany.AdminSite.UnitTest\MyCompany.AdminSite.UnitTest.csproj", "{D35F46EA-D316-44F2-9FCD-60EBABA5BC71}"
EndProject
Project("{FAE04EC0-301F-11D3-BF4B-00C04F79EFBC}") = "MyCompanyWebAppi", "MyCompanyWebAppi\MyCompanyWebAppi.csproj", "{D91C3247-F382-4246-AC29-00A4578C88F3}"
EndProject
Global
	GlobalSection(SolutionConfigurationPlatforms) = preSolution
		Debug|Any CPU = Debug|Any CPU
		Release|Any CPU = Release|Any CPU
	EndGlobalSection
	GlobalSection(ProjectConfigurationPlatforms) = postSolution
		{78216E44-2F66-4A3F-B506-920584209FCF}.Debug|Any CPU.ActiveCfg = Debug|Any CPU
		{78216E44-2F66-4A3F-B506-920584209FCF}.Debug|Any CPU.Build.0 = Debug|Any CPU
		{78216E44-2F66-4A3F-B506-920584209FCF}.Release|Any CPU.ActiveCfg = Release|Any CPU
		{78216E44-2F66-4A3F-B506-920584209FCF}.Release|Any CPU.Build.0 = Release|Any CPU
		{3F4BFB79-CF99-4E8C-84A1-3AA6B8A1A892}.Debug|Any CPU.ActiveCfg = Debug|Any CPU
		{3F4BFB79-CF99-4E8C-84A1-3AA6B8A1A892}.Debug|Any CPU.Build.0 = Debug|Any CPU
		{3F4BFB79-CF99-4E8C-84A1-3AA6B8A1A892}.Release|Any CPU.ActiveCfg = Release|Any CPU
		{3F4BFB79-CF99-4E8C-84A1-3AA6B8A1A892}.Release|Any CPU.Build.0 = Release|Any CPU
		{D35F46EA-D316-44F2-9FCD-60EBABA5BC71}.Debug|Any CPU.ActiveCfg = Debug|Any CPU
		{D35F46EA-D316-44F2-9FCD-60EBABA5BC71}.Debug|Any CPU.Build.0 = Debug|Any CPU
		{D35F46EA-D316-44F2-9FCD-60EBABA5BC71}.Release|Any CPU.ActiveCfg = Release|Any CPU
		{D35F46EA-D316-44F2-9FCD-60EBABA5BC71}.Release|Any CPU.Build.0 = Release|Any CPU
		{D91C3247-F382-4246-AC29-00A4578C88F3}.Debug|Any CPU.ActiveCfg = Debug|Any CPU
		{D91C3247-F382-4246-AC29-00A4578C88F3}.Debug|Any CPU.Build.0 = Debug|Any CPU
		{D91C3247-F382-4246-AC29-00A4578C88F3}.Release|Any CPU.ActiveCfg = Release|Any CPU
		{D91C3247-F382-4246-AC29-00A4578C88F3}.Release|Any CPU.Build.0 = Release|Any CPU
	EndGlobalSection
	GlobalSection(SolutionProperties) = preSolution
		HideSolutionNode = FALSE
	EndGlobalSection
EndGlobal
